{
    "_readme": [
        "This file locks the dependencies of your project to a known state",
        "Read more about it at https://getcomposer.org/doc/01-basic-usage.md#composer-lock-the-lock-file",
        "This file is @generated automatically"
    ],
    "content-hash": "3304f6d205c6e4bc8627bf627ed4bf39",
    "packages": [
        {
            "name": "mpdf/mpdf",
            "version": "v5.7.0",
            "source": {
                "type": "git",
                "url": "https://github.com/mpdf/mpdf.git",
                "reference": "3bc6d835049b19391099fc30568bc00c58bc2481"
            },
            "dist": {
                "type": "zip",
                "url": "https://api.github.com/repos/mpdf/mpdf/zipball/3bc6d835049b19391099fc30568bc00c58bc2481",
                "reference": "3bc6d835049b19391099fc30568bc00c58bc2481",
                "shasum": ""
            },
            "require": {
                "php": ">=4.3.10"
            },
            "type": "library",
            "autoload": {
                "classmap": [
                    "mpdf.php",
                    "classes"
                ]
            },
            "notification-url": "https://packagist.org/downloads/",
            "license": [
                "GPL-1.0+"
            ],
            "authors": [
                {
                    "name": "Ian Back"
                }
            ],
            "description": "A PHP class to generate PDF files from HTML with Unicode/UTF-8 and CJK support",
            "homepage": "http://www.mpdf1.com/mpdf/index.php",
            "keywords": [
                "pdf",
                "php",
                "utf-8"
            ],
            "time": "2013-07-18T15:12:49+00:00"
        }
    ],
    "packages-dev": [],
    "aliases": [],
    "minimum-stability": "stable",
    "stability-flags": [],
    "prefer-stable": false,
    "prefer-lowest": false,
    "platform": [],
    "platform-dev": []
}
